
Microsoft Visual Studio Solution File, Format Version 12.00
# Visual Studio Version 17
VisualStudioVersion = 17.11.35312.102
MinimumVisualStudioVersion = 10.0.40219.1
Project("{FAE04EC0-301F-11D3-BF4B-00C04F79EFBC}") = "retail-e-commerce", "retail-e-commerce\retail-e-commerce.csproj", "{65428467-8F1D-4B45-9952-E003A078BF37}"
EndProject
Global
	GlobalSection(SolutionConfigurationPlatforms) = preSolution
		Debug|Any CPU = Debug|Any CPU
		Release|Any CPU = Release|Any CPU
	EndGlobalSection
	GlobalSection(ProjectConfigurationPlatforms) = postSolution
		{65428467-8F1D-4B45-9952-E003A078BF37}.Debug|Any CPU.ActiveCfg = Debug|Any CPU
		{65428467-8F1D-4B45-9952-E003A078BF37}.Debug|Any CPU.Build.0 = Debug|Any CPU
		{65428467-8F1D-4B45-9952-E003A078BF37}.Release|Any CPU.ActiveCfg = Release|Any CPU
		{65428467-8F1D-4B45-9952-E003A078BF37}.Release|Any CPU.Build.0 = Release|Any CPU
	EndGlobalSection
	GlobalSection(SolutionProperties) = preSolution
		HideSolutionNode = FALSE
	EndGlobalSection
	GlobalSection(ExtensibilityGlobals) = postSolution
		SolutionGuid = {CCFE5EB8-B9E5-47DA-9029-4084FF2F5081}
	EndGlobalSection
EndGlobal
